// !$*UTF8*$!
{
	archiveVersion = 1;
	classes = {
	};
	objectVersion = 46;
	objects = {

/* Begin PBXBuildFile section */
		2D17B5A01F151A5C00737C4F /* AppDelegate.swift in Sources */ = {isa = PBXBuildFile; fileRef = 2D17B59F1F151A5C00737C4F /* AppDelegate.swift */; };
		2D17B5A71F151A5C00737C4F /* Assets.xcassets in Resources */ = {isa = PBXBuildFile; fileRef = 2D17B5A61F151A5C00737C4F /* Assets.xcassets */; };
		2D17B5AA1F151A5C00737C4F /* LaunchScreen.storyboard in Resources */ = {isa = PBXBuildFile; fileRef = 2D17B5A81F151A5C00737C4F /* LaunchScreen.storyboard */; };
		2D17B5F71F151D0C00737C4F /* BPVMacro.m in Sources */ = {isa = PBXBuildFile; fileRef = 2D17B5B51F151D0C00737C4F /* BPVMacro.m */; };
		2D17B5F81F151D0C00737C4F /* Lock.swift in Sources */ = {isa = PBXBuildFile; fileRef = 2D17B5B61F151D0C00737C4F /* Lock.swift */; };
		2D17B5F91F151D0C00737C4F /* Array.swift in Sources */ = {isa = PBXBuildFile; fileRef = 2D17B5B81F151D0C00737C4F /* Array.swift */; };
		2D17B5FA1F151D0C00737C4F /* DispatchQueue.swift in Sources */ = {isa = PBXBuildFile; fileRef = 2D17B5B91F151D0C00737C4F /* DispatchQueue.swift */; };
		2D17B5FB1F151D0C00737C4F /* Enum + Extensions.swift in Sources */ = {isa = PBXBuildFile; fileRef = 2D17B5BA1F151D0C00737C4F /* Enum + Extensions.swift */; };
		2D17B5FC1F151D0C00737C4F /* NSFileManager+BPVExtensions.m in Sources */ = {isa = PBXBuildFile; fileRef = 2D17B5BD1F151D0C00737C4F /* NSFileManager+BPVExtensions.m */; };
		2D17B5FE1F151D0C00737C4F /* String.swift in Sources */ = {isa = PBXBuildFile; fileRef = 2D17B5BF1F151D0C00737C4F /* String.swift */; };
		2D17B5FF1F151D0C00737C4F /* UIApplication.swift in Sources */ = {isa = PBXBuildFile; fileRef = 2D17B5C01F151D0C00737C4F /* UIApplication.swift */; };
		2D17B6001F151D0C00737C4F /* UICollectionView.swift in Sources */ = {isa = PBXBuildFile; fileRef = 2D17B5C11F151D0C00737C4F /* UICollectionView.swift */; };
		2D17B6011F151D0C00737C4F /* UIImageView + KingfisherLoad.swift in Sources */ = {isa = PBXBuildFile; fileRef = 2D17B5C21F151D0C00737C4F /* UIImageView + KingfisherLoad.swift */; };
		2D17B6021F151D0C00737C4F /* UINavigationController.swift in Sources */ = {isa = PBXBuildFile; fileRef = 2D17B5C31F151D0C00737C4F /* UINavigationController.swift */; };
		2D17B6031F151D0C00737C4F /* UINib.swift in Sources */ = {isa = PBXBuildFile; fileRef = 2D17B5C41F151D0C00737C4F /* UINib.swift */; };
		2D17B6041F151D0C00737C4F /* UITableView.swift in Sources */ = {isa = PBXBuildFile; fileRef = 2D17B5C51F151D0C00737C4F /* UITableView.swift */; };
		2D17B6051F151D0C00737C4F /* UIViewController+AddRemoveChild.swift in Sources */ = {isa = PBXBuildFile; fileRef = 2D17B5C61F151D0C00737C4F /* UIViewController+AddRemoveChild.swift */; };
		2D17B6061F151D0C00737C4F /* UIViewController.swift in Sources */ = {isa = PBXBuildFile; fileRef = 2D17B5C71F151D0C00737C4F /* UIViewController.swift */; };
		2D17B6071F151D0C00737C4F /* UIWindow.swift in Sources */ = {isa = PBXBuildFile; fileRef = 2D17B5C81F151D0C00737C4F /* UIWindow.swift */; };
		2D17B6081F151D0C00737C4F /* Functions.swift in Sources */ = {isa = PBXBuildFile; fileRef = 2D17B5C91F151D0C00737C4F /* Functions.swift */; };
		2D17B6091F151D0C00737C4F /* ArrayChange + UICollectionView.swift in Sources */ = {isa = PBXBuildFile; fileRef = 2D17B5CD1F151D0C00737C4F /* ArrayChange + UICollectionView.swift */; };
		2D17B60A1F151D0C00737C4F /* ArrayChange + UITableView.swift in Sources */ = {isa = PBXBuildFile; fileRef = 2D17B5CE1F151D0C00737C4F /* ArrayChange + UITableView.swift */; };
		2D17B60B1F151D0C00737C4F /* ArrayChange.swift in Sources */ = {isa = PBXBuildFile; fileRef = 2D17B5CF1F151D0C00737C4F /* ArrayChange.swift */; };
		2D17B60C1F151D0C00737C4F /* AddModel + UICollectionView.swift in Sources */ = {isa = PBXBuildFile; fileRef = 2D17B5D21F151D0C00737C4F /* AddModel + UICollectionView.swift */; };
		2D17B60D1F151D0C00737C4F /* AddModel + UITableView.swift in Sources */ = {isa = PBXBuildFile; fileRef = 2D17B5D31F151D0C00737C4F /* AddModel + UITableView.swift */; };
		2D17B60E1F151D0C00737C4F /* AddModel.swift in Sources */ = {isa = PBXBuildFile; fileRef = 2D17B5D41F151D0C00737C4F /* AddModel.swift */; };
		2D17B60F1F151D0C00737C4F /* MoveModel + UICollectionView.swift in Sources */ = {isa = PBXBuildFile; fileRef = 2D17B5D61F151D0C00737C4F /* MoveModel + UICollectionView.swift */; };
		2D17B6101F151D0C00737C4F /* MoveModel + UITableView.swift in Sources */ = {isa = PBXBuildFile; fileRef = 2D17B5D71F151D0C00737C4F /* MoveModel + UITableView.swift */; };
		2D17B6111F151D0C00737C4F /* MoveModel.swift in Sources */ = {isa = PBXBuildFile; fileRef = 2D17B5D81F151D0C00737C4F /* MoveModel.swift */; };
		2D17B6121F151D0C00737C4F /* RemoveModel + UICollectionView.swift in Sources */ = {isa = PBXBuildFile; fileRef = 2D17B5DA1F151D0C00737C4F /* RemoveModel + UICollectionView.swift */; };
		2D17B6131F151D0C00737C4F /* RemoveModel + UITableView.swift in Sources */ = {isa = PBXBuildFile; fileRef = 2D17B5DB1F151D0C00737C4F /* RemoveModel + UITableView.swift */; };
		2D17B6141F151D0C00737C4F /* RemoveModel.swift in Sources */ = {isa = PBXBuildFile; fileRef = 2D17B5DC1F151D0C00737C4F /* RemoveModel.swift */; };
		2D17B6151F151D0C00737C4F /* UpdateModel + UICollectionView.swift in Sources */ = {isa = PBXBuildFile; fileRef = 2D17B5DE1F151D0C00737C4F /* UpdateModel + UICollectionView.swift */; };
		2D17B6161F151D0C00737C4F /* UpdateModel + UITableView.swift in Sources */ = {isa = PBXBuildFile; fileRef = 2D17B5DF1F151D0C00737C4F /* UpdateModel + UITableView.swift */; };
		2D17B6171F151D0C00737C4F /* UpdateModel.swift in Sources */ = {isa = PBXBuildFile; fileRef = 2D17B5E01F151D0C00737C4F /* UpdateModel.swift */; };
		2D17B6181F151D0C00737C4F /* OneIndexArrayChange.swift in Sources */ = {isa = PBXBuildFile; fileRef = 2D17B5E21F151D0C00737C4F /* OneIndexArrayChange.swift */; };
		2D17B6191F151D0C00737C4F /* TwoIndexArrayChange.swift in Sources */ = {isa = PBXBuildFile; fileRef = 2D17B5E41F151D0C00737C4F /* TwoIndexArrayChange.swift */; };
		2D17B61A1F151D0C00737C4F /* ArrayModel.swift in Sources */ = {isa = PBXBuildFile; fileRef = 2D17B5E51F151D0C00737C4F /* ArrayModel.swift */; };
		2D17B61B1F151D0C00737C4F /* Model.swift in Sources */ = {isa = PBXBuildFile; fileRef = 2D17B5E61F151D0C00737C4F /* Model.swift */; };
		2D17B61C1F151D0C00737C4F /* RootViewGettable.swift in Sources */ = {isa = PBXBuildFile; fileRef = 2D17B5E81F151D0C00737C4F /* RootViewGettable.swift */; };
		2D17B61D1F151D0C00737C4F /* Weakable.swift in Sources */ = {isa = PBXBuildFile; fileRef = 2D17B5E91F151D0C00737C4F /* Weakable.swift */; };
		2D17B61E1F151D0C00737C4F /* SlideInPresentationAnimator.swift in Sources */ = {isa = PBXBuildFile; fileRef = 2D17B5EC1F151D0C00737C4F /* SlideInPresentationAnimator.swift */; };
		2D17B61F1F151D0C00737C4F /* SlideInPresentationController.swift in Sources */ = {isa = PBXBuildFile; fileRef = 2D17B5ED1F151D0C00737C4F /* SlideInPresentationController.swift */; };
		2D17B6201F151D0C00737C4F /* SlideInPresentationManager.swift in Sources */ = {isa = PBXBuildFile; fileRef = 2D17B5EE1F151D0C00737C4F /* SlideInPresentationManager.swift */; };
		2D17B6211F151D0C00737C4F /* SlideOutAnimationController.swift in Sources */ = {isa = PBXBuildFile; fileRef = 2D17B5EF1F151D0C00737C4F /* SlideOutAnimationController.swift */; };
		2D17B6251F151D0C00737C4F /* RoundedView.swift in Sources */ = {isa = PBXBuildFile; fileRef = 2D17B5F41F151D0C00737C4F /* RoundedView.swift */; };
		2D17B6261F151D0C00737C4F /* RoundView.swift in Sources */ = {isa = PBXBuildFile; fileRef = 2D17B5F51F151D0C00737C4F /* RoundView.swift */; };
		2D17B6341F151E3600737C4F /* LoginViewController.swift in Sources */ = {isa = PBXBuildFile; fileRef = 2D17B6321F151E3600737C4F /* LoginViewController.swift */; };
		2D17B6351F151E3600737C4F /* LoginViewController.xib in Resources */ = {isa = PBXBuildFile; fileRef = 2D17B6331F151E3600737C4F /* LoginViewController.xib */; };
		2D17B6381F152A5500737C4F /* LoginView.swift in Sources */ = {isa = PBXBuildFile; fileRef = 2D17B6371F152A5500737C4F /* LoginView.swift */; };
		2D17B63A1F152E5800737C4F /* User.swift in Sources */ = {isa = PBXBuildFile; fileRef = 2D17B6391F152E5800737C4F /* User.swift */; };
		2D17B63D1F15328400737C4F /* Email.swift in Sources */ = {isa = PBXBuildFile; fileRef = 2D17B63C1F15328400737C4F /* Email.swift */; };
		2D17B6441F1542A900737C4F /* URRRequest.swift in Sources */ = {isa = PBXBuildFile; fileRef = 2D17B6431F1542A900737C4F /* URRRequest.swift */; };
		2D17B6461F15473C00737C4F /* Constants.swift in Sources */ = {isa = PBXBuildFile; fileRef = 2D17B6451F15473C00737C4F /* Constants.swift */; };
		2D17B64A1F155E8E00737C4F /* UIImage.swift in Sources */ = {isa = PBXBuildFile; fileRef = 2D17B6491F155E8E00737C4F /* UIImage.swift */; };
		2D17B64D1F1689AE00737C4F /* GalleryViewController.swift in Sources */ = {isa = PBXBuildFile; fileRef = 2D17B64B1F1689AE00737C4F /* GalleryViewController.swift */; };
		2D17B64E1F1689AE00737C4F /* GalleryViewController.xib in Resources */ = {isa = PBXBuildFile; fileRef = 2D17B64C1F1689AE00737C4F /* GalleryViewController.xib */; };
		2D17B6501F1691C100737C4F /* Context.swift in Sources */ = {isa = PBXBuildFile; fileRef = 2D17B64F1F1691C100737C4F /* Context.swift */; };
		2D717D711F1BD49200848F1A /* AuthorisationContext.swift in Sources */ = {isa = PBXBuildFile; fileRef = 2D717D6E1F1BD49200848F1A /* AuthorisationContext.swift */; };
		2D717D721F1BD49200848F1A /* LoginContext.swift in Sources */ = {isa = PBXBuildFile; fileRef = 2D717D6F1F1BD49200848F1A /* LoginContext.swift */; };
		2D717D731F1BD49200848F1A /* SignUpContext.swift in Sources */ = {isa = PBXBuildFile; fileRef = 2D717D701F1BD49200848F1A /* SignUpContext.swift */; };
		2DA050511F1BE95200E7EBC3 /* GalleryView.swift in Sources */ = {isa = PBXBuildFile; fileRef = 2DA050501F1BE95200E7EBC3 /* GalleryView.swift */; };
		2DA050571F1BEFB500E7EBC3 /* GalleryImage.swift in Sources */ = {isa = PBXBuildFile; fileRef = 2DA050561F1BEFB500E7EBC3 /* GalleryImage.swift */; };
		2DA0505F1F1CB7B500E7EBC3 /* BPVLoadingView.m in Sources */ = {isa = PBXBuildFile; fileRef = 2DA0505A1F1CB7B500E7EBC3 /* BPVLoadingView.m */; };
		2DA050601F1CB7B500E7EBC3 /* BPVLoadingView.xib in Resources */ = {isa = PBXBuildFile; fileRef = 2DA0505B1F1CB7B500E7EBC3 /* BPVLoadingView.xib */; };
		2DA050611F1CB7B500E7EBC3 /* BPVView.m in Sources */ = {isa = PBXBuildFile; fileRef = 2DA0505E1F1CB7B500E7EBC3 /* BPVView.m */; };
		2DA0506A1F1CBD0200E7EBC3 /* NSBundle+BPVExtensions.m in Sources */ = {isa = PBXBuildFile; fileRef = 2DA050691F1CBD0200E7EBC3 /* NSBundle+BPVExtensions.m */; };
		2DA050711F1CBD8B00E7EBC3 /* NSArray+BPVExtensions.m in Sources */ = {isa = PBXBuildFile; fileRef = 2DA0506D1F1CBD8B00E7EBC3 /* NSArray+BPVExtensions.m */; };
		2DA050741F1CBED300E7EBC3 /* AllImagesContext.swift in Sources */ = {isa = PBXBuildFile; fileRef = 2DA050731F1CBED300E7EBC3 /* AllImagesContext.swift */; };
		2DA050781F1CD20D00E7EBC3 /* AddImageViewController.swift in Sources */ = {isa = PBXBuildFile; fileRef = 2DA050761F1CD20D00E7EBC3 /* AddImageViewController.swift */; };
		2DA050791F1CD20D00E7EBC3 /* AddImageViewController.xib in Resources */ = {isa = PBXBuildFile; fileRef = 2DA050771F1CD20D00E7EBC3 /* AddImageViewController.xib */; };
		2DA0507E1F1CD23200E7EBC3 /* GIFViewController.swift in Sources */ = {isa = PBXBuildFile; fileRef = 2DA0507C1F1CD23200E7EBC3 /* GIFViewController.swift */; };
		2DA0507F1F1CD23200E7EBC3 /* GIFViewController.xib in Resources */ = {isa = PBXBuildFile; fileRef = 2DA0507D1F1CD23200E7EBC3 /* GIFViewController.xib */; };
		2DA050811F1CD24600E7EBC3 /* GIFView.swift in Sources */ = {isa = PBXBuildFile; fileRef = 2DA050801F1CD24600E7EBC3 /* GIFView.swift */; };
		2DA050831F1CD25700E7EBC3 /* AddImageView.swift in Sources */ = {isa = PBXBuildFile; fileRef = 2DA050821F1CD25700E7EBC3 /* AddImageView.swift */; };
		2DA050851F1CD6A000E7EBC3 /* GIFContext.swift in Sources */ = {isa = PBXBuildFile; fileRef = 2DA050841F1CD6A000E7EBC3 /* GIFContext.swift */; };
		2DA0508C1F1E984600E7EBC3 /* AddImageContext.swift in Sources */ = {isa = PBXBuildFile; fileRef = 2DA0508B1F1E984600E7EBC3 /* AddImageContext.swift */; };
		2DA0508E1F1F6C9000E7EBC3 /* NewImage.swift in Sources */ = {isa = PBXBuildFile; fileRef = 2DA0508D1F1F6C9000E7EBC3 /* NewImage.swift */; };
		2DA050901F1F742E00E7EBC3 /* DataConvertable.swift in Sources */ = {isa = PBXBuildFile; fileRef = 2DA0508F1F1F742E00E7EBC3 /* DataConvertable.swift */; };
		2DA050941F20A8DA00E7EBC3 /* Optional.swift in Sources */ = {isa = PBXBuildFile; fileRef = 2DA050931F20A8DA00E7EBC3 /* Optional.swift */; };
		2DA050971F20BFB800E7EBC3 /* GalleryCell.swift in Sources */ = {isa = PBXBuildFile; fileRef = 2DA050951F20BFB800E7EBC3 /* GalleryCell.swift */; };
		2DA050981F20BFB800E7EBC3 /* GalleryCell.xib in Resources */ = {isa = PBXBuildFile; fileRef = 2DA050961F20BFB800E7EBC3 /* GalleryCell.xib */; };
		F09BC2EBF417B2268F1D91F4 /* Pods_GalleryApp.framework in Frameworks */ = {isa = PBXBuildFile; fileRef = E13852D582E17637951C8125 /* Pods_GalleryApp.framework */; };
/* End PBXBuildFile section */

/* Begin PBXFileReference section */
		2D17B59C1F151A5C00737C4F /* GalleryApp.app */ = {isa = PBXFileReference; explicitFileType = wrapper.application; includeInIndex = 0; path = GalleryApp.app; sourceTree = BUILT_PRODUCTS_DIR; };
		2D17B59F1F151A5C00737C4F /* AppDelegate.swift */ = {isa = PBXFileReference; lastKnownFileType = sourcecode.swift; path = AppDelegate.swift; sourceTree = "<group>"; };
		2D17B5A61F151A5C00737C4F /* Assets.xcassets */ = {isa = PBXFileReference; lastKnownFileType = folder.assetcatalog; path = Assets.xcassets; sourceTree = "<group>"; };
		2D17B5A91F151A5C00737C4F /* Base */ = {isa = PBXFileReference; lastKnownFileType = file.storyboard; name = Base; path = Base.lproj/LaunchScreen.storyboard; sourceTree = "<group>"; };
		2D17B5AB1F151A5C00737C4F /* Info.plist */ = {isa = PBXFileReference; lastKnownFileType = text.plist.xml; path = Info.plist; sourceTree = "<group>"; };
		2D17B5B41F151D0C00737C4F /* BPVMacro.h */ = {isa = PBXFileReference; fileEncoding = 4; lastKnownFileType = sourcecode.c.h; path = BPVMacro.h; sourceTree = "<group>"; };
		2D17B5B51F151D0C00737C4F /* BPVMacro.m */ = {isa = PBXFileReference; fileEncoding = 4; lastKnownFileType = sourcecode.c.objc; path = BPVMacro.m; sourceTree = "<group>"; };
		2D17B5B61F151D0C00737C4F /* Lock.swift */ = {isa = PBXFileReference; fileEncoding = 4; lastKnownFileType = sourcecode.swift; path = Lock.swift; sourceTree = "<group>"; };
		2D17B5B81F151D0C00737C4F /* Array.swift */ = {isa = PBXFileReference; fileEncoding = 4; lastKnownFileType = sourcecode.swift; path = Array.swift; sourceTree = "<group>"; };
		2D17B5B91F151D0C00737C4F /* DispatchQueue.swift */ = {isa = PBXFileReference; fileEncoding = 4; lastKnownFileType = sourcecode.swift; path = DispatchQueue.swift; sourceTree = "<group>"; };
		2D17B5BA1F151D0C00737C4F /* Enum + Extensions.swift */ = {isa = PBXFileReference; fileEncoding = 4; lastKnownFileType = sourcecode.swift; path = "Enum + Extensions.swift"; sourceTree = "<group>"; };
		2D17B5BC1F151D0C00737C4F /* NSFileManager+BPVExtensions.h */ = {isa = PBXFileReference; fileEncoding = 4; lastKnownFileType = sourcecode.c.h; path = "NSFileManager+BPVExtensions.h"; sourceTree = "<group>"; };
		2D17B5BD1F151D0C00737C4F /* NSFileManager+BPVExtensions.m */ = {isa = PBXFileReference; fileEncoding = 4; lastKnownFileType = sourcecode.c.objc; path = "NSFileManager+BPVExtensions.m"; sourceTree = "<group>"; };
		2D17B5BF1F151D0C00737C4F /* String.swift */ = {isa = PBXFileReference; fileEncoding = 4; lastKnownFileType = sourcecode.swift; path = String.swift; sourceTree = "<group>"; };
		2D17B5C01F151D0C00737C4F /* UIApplication.swift */ = {isa = PBXFileReference; fileEncoding = 4; lastKnownFileType = sourcecode.swift; path = UIApplication.swift; sourceTree = "<group>"; };
		2D17B5C11F151D0C00737C4F /* UICollectionView.swift */ = {isa = PBXFileReference; fileEncoding = 4; lastKnownFileType = sourcecode.swift; path = UICollectionView.swift; sourceTree = "<group>"; };
		2D17B5C21F151D0C00737C4F /* UIImageView + KingfisherLoad.swift */ = {isa = PBXFileReference; fileEncoding = 4; lastKnownFileType = sourcecode.swift; path = "UIImageView + KingfisherLoad.swift"; sourceTree = "<group>"; };
		2D17B5C31F151D0C00737C4F /* UINavigationController.swift */ = {isa = PBXFileReference; fileEncoding = 4; lastKnownFileType = sourcecode.swift; path = UINavigationController.swift; sourceTree = "<group>"; };
		2D17B5C41F151D0C00737C4F /* UINib.swift */ = {isa = PBXFileReference; fileEncoding = 4; lastKnownFileType = sourcecode.swift; path = UINib.swift; sourceTree = "<group>"; };
		2D17B5C51F151D0C00737C4F /* UITableView.swift */ = {isa = PBXFileReference; fileEncoding = 4; lastKnownFileType = sourcecode.swift; path = UITableView.swift; sourceTree = "<group>"; };
		2D17B5C61F151D0C00737C4F /* UIViewController+AddRemoveChild.swift */ = {isa = PBXFileReference; fileEncoding = 4; lastKnownFileType = sourcecode.swift; path = "UIViewController+AddRemoveChild.swift"; sourceTree = "<group>"; };
		2D17B5C71F151D0C00737C4F /* UIViewController.swift */ = {isa = PBXFileReference; fileEncoding = 4; lastKnownFileType = sourcecode.swift; path = UIViewController.swift; sourceTree = "<group>"; };
		2D17B5C81F151D0C00737C4F /* UIWindow.swift */ = {isa = PBXFileReference; fileEncoding = 4; lastKnownFileType = sourcecode.swift; path = UIWindow.swift; sourceTree = "<group>"; };
		2D17B5C91F151D0C00737C4F /* Functions.swift */ = {isa = PBXFileReference; fileEncoding = 4; lastKnownFileType = sourcecode.swift; path = Functions.swift; sourceTree = "<group>"; };
		2D17B5CD1F151D0C00737C4F /* ArrayChange + UICollectionView.swift */ = {isa = PBXFileReference; fileEncoding = 4; lastKnownFileType = sourcecode.swift; path = "ArrayChange + UICollectionView.swift"; sourceTree = "<group>"; };
		2D17B5CE1F151D0C00737C4F /* ArrayChange + UITableView.swift */ = {isa = PBXFileReference; fileEncoding = 4; lastKnownFileType = sourcecode.swift; path = "ArrayChange + UITableView.swift"; sourceTree = "<group>"; };
		2D17B5CF1F151D0C00737C4F /* ArrayChange.swift */ = {isa = PBXFileReference; fileEncoding = 4; lastKnownFileType = sourcecode.swift; path = ArrayChange.swift; sourceTree = "<group>"; };
		2D17B5D21F151D0C00737C4F /* AddModel + UICollectionView.swift */ = {isa = PBXFileReference; fileEncoding = 4; lastKnownFileType = sourcecode.swift; path = "AddModel + UICollectionView.swift"; sourceTree = "<group>"; };
		2D17B5D31F151D0C00737C4F /* AddModel + UITableView.swift */ = {isa = PBXFileReference; fileEncoding = 4; lastKnownFileType = sourcecode.swift; path = "AddModel + UITableView.swift"; sourceTree = "<group>"; };
		2D17B5D41F151D0C00737C4F /* AddModel.swift */ = {isa = PBXFileReference; fileEncoding = 4; lastKnownFileType = sourcecode.swift; path = AddModel.swift; sourceTree = "<group>"; };
		2D17B5D61F151D0C00737C4F /* MoveModel + UICollectionView.swift */ = {isa = PBXFileReference; fileEncoding = 4; lastKnownFileType = sourcecode.swift; path = "MoveModel + UICollectionView.swift"; sourceTree = "<group>"; };
		2D17B5D71F151D0C00737C4F /* MoveModel + UITableView.swift */ = {isa = PBXFileReference; fileEncoding = 4; lastKnownFileType = sourcecode.swift; path = "MoveModel + UITableView.swift"; sourceTree = "<group>"; };
		2D17B5D81F151D0C00737C4F /* MoveModel.swift */ = {isa = PBXFileReference; fileEncoding = 4; lastKnownFileType = sourcecode.swift; path = MoveModel.swift; sourceTree = "<group>"; };
		2D17B5DA1F151D0C00737C4F /* RemoveModel + UICollectionView.swift */ = {isa = PBXFileReference; fileEncoding = 4; lastKnownFileType = sourcecode.swift; path = "RemoveModel + UICollectionView.swift"; sourceTree = "<group>"; };
		2D17B5DB1F151D0C00737C4F /* RemoveModel + UITableView.swift */ = {isa = PBXFileReference; fileEncoding = 4; lastKnownFileType = sourcecode.swift; path = "RemoveModel + UITableView.swift"; sourceTree = "<group>"; };
		2D17B5DC1F151D0C00737C4F /* RemoveModel.swift */ = {isa = PBXFileReference; fileEncoding = 4; lastKnownFileType = sourcecode.swift; path = RemoveModel.swift; sourceTree = "<group>"; };
		2D17B5DE1F151D0C00737C4F /* UpdateModel + UICollectionView.swift */ = {isa = PBXFileReference; fileEncoding = 4; lastKnownFileType = sourcecode.swift; path = "UpdateModel + UICollectionView.swift"; sourceTree = "<group>"; };
		2D17B5DF1F151D0C00737C4F /* UpdateModel + UITableView.swift */ = {isa = PBXFileReference; fileEncoding = 4; lastKnownFileType = sourcecode.swift; path = "UpdateModel + UITableView.swift"; sourceTree = "<group>"; };
		2D17B5E01F151D0C00737C4F /* UpdateModel.swift */ = {isa = PBXFileReference; fileEncoding = 4; lastKnownFileType = sourcecode.swift; path = UpdateModel.swift; sourceTree = "<group>"; };
		2D17B5E21F151D0C00737C4F /* OneIndexArrayChange.swift */ = {isa = PBXFileReference; fileEncoding = 4; lastKnownFileType = sourcecode.swift; path = OneIndexArrayChange.swift; sourceTree = "<group>"; };
		2D17B5E41F151D0C00737C4F /* TwoIndexArrayChange.swift */ = {isa = PBXFileReference; fileEncoding = 4; lastKnownFileType = sourcecode.swift; path = TwoIndexArrayChange.swift; sourceTree = "<group>"; };
		2D17B5E51F151D0C00737C4F /* ArrayModel.swift */ = {isa = PBXFileReference; fileEncoding = 4; lastKnownFileType = sourcecode.swift; path = ArrayModel.swift; sourceTree = "<group>"; };
		2D17B5E61F151D0C00737C4F /* Model.swift */ = {isa = PBXFileReference; fileEncoding = 4; lastKnownFileType = sourcecode.swift; path = Model.swift; sourceTree = "<group>"; };
		2D17B5E81F151D0C00737C4F /* RootViewGettable.swift */ = {isa = PBXFileReference; fileEncoding = 4; lastKnownFileType = sourcecode.swift; path = RootViewGettable.swift; sourceTree = "<group>"; };
		2D17B5E91F151D0C00737C4F /* Weakable.swift */ = {isa = PBXFileReference; fileEncoding = 4; lastKnownFileType = sourcecode.swift; path = Weakable.swift; sourceTree = "<group>"; };
		2D17B5EC1F151D0C00737C4F /* SlideInPresentationAnimator.swift */ = {isa = PBXFileReference; fileEncoding = 4; lastKnownFileType = sourcecode.swift; path = SlideInPresentationAnimator.swift; sourceTree = "<group>"; };
		2D17B5ED1F151D0C00737C4F /* SlideInPresentationController.swift */ = {isa = PBXFileReference; fileEncoding = 4; lastKnownFileType = sourcecode.swift; path = SlideInPresentationController.swift; sourceTree = "<group>"; };
		2D17B5EE1F151D0C00737C4F /* SlideInPresentationManager.swift */ = {isa = PBXFileReference; fileEncoding = 4; lastKnownFileType = sourcecode.swift; path = SlideInPresentationManager.swift; sourceTree = "<group>"; };
		2D17B5EF1F151D0C00737C4F /* SlideOutAnimationController.swift */ = {isa = PBXFileReference; fileEncoding = 4; lastKnownFileType = sourcecode.swift; path = SlideOutAnimationController.swift; sourceTree = "<group>"; };
		2D17B5F41F151D0C00737C4F /* RoundedView.swift */ = {isa = PBXFileReference; fileEncoding = 4; lastKnownFileType = sourcecode.swift; path = RoundedView.swift; sourceTree = "<group>"; };
		2D17B5F51F151D0C00737C4F /* RoundView.swift */ = {isa = PBXFileReference; fileEncoding = 4; lastKnownFileType = sourcecode.swift; path = RoundView.swift; sourceTree = "<group>"; };
		2D17B6321F151E3600737C4F /* LoginViewController.swift */ = {isa = PBXFileReference; fileEncoding = 4; lastKnownFileType = sourcecode.swift; path = LoginViewController.swift; sourceTree = "<group>"; };
		2D17B6331F151E3600737C4F /* LoginViewController.xib */ = {isa = PBXFileReference; fileEncoding = 4; lastKnownFileType = file.xib; path = LoginViewController.xib; sourceTree = "<group>"; };
		2D17B6371F152A5500737C4F /* LoginView.swift */ = {isa = PBXFileReference; fileEncoding = 4; lastKnownFileType = sourcecode.swift; path = LoginView.swift; sourceTree = "<group>"; };
		2D17B6391F152E5800737C4F /* User.swift */ = {isa = PBXFileReference; fileEncoding = 4; lastKnownFileType = sourcecode.swift; path = User.swift; sourceTree = "<group>"; };
		2D17B63C1F15328400737C4F /* Email.swift */ = {isa = PBXFileReference; fileEncoding = 4; lastKnownFileType = sourcecode.swift; path = Email.swift; sourceTree = "<group>"; };
		2D17B6431F1542A900737C4F /* URRRequest.swift */ = {isa = PBXFileReference; fileEncoding = 4; lastKnownFileType = sourcecode.swift; path = URRRequest.swift; sourceTree = "<group>"; };
		2D17B6451F15473C00737C4F /* Constants.swift */ = {isa = PBXFileReference; fileEncoding = 4; lastKnownFileType = sourcecode.swift; path = Constants.swift; sourceTree = "<group>"; };
		2D17B6491F155E8E00737C4F /* UIImage.swift */ = {isa = PBXFileReference; fileEncoding = 4; lastKnownFileType = sourcecode.swift; path = UIImage.swift; sourceTree = "<group>"; };
		2D17B64B1F1689AE00737C4F /* GalleryViewController.swift */ = {isa = PBXFileReference; fileEncoding = 4; lastKnownFileType = sourcecode.swift; path = GalleryViewController.swift; sourceTree = "<group>"; };
		2D17B64C1F1689AE00737C4F /* GalleryViewController.xib */ = {isa = PBXFileReference; fileEncoding = 4; lastKnownFileType = file.xib; path = GalleryViewController.xib; sourceTree = "<group>"; };
		2D17B64F1F1691C100737C4F /* Context.swift */ = {isa = PBXFileReference; fileEncoding = 4; lastKnownFileType = sourcecode.swift; path = Context.swift; sourceTree = "<group>"; };
		2D717D6E1F1BD49200848F1A /* AuthorisationContext.swift */ = {isa = PBXFileReference; fileEncoding = 4; lastKnownFileType = sourcecode.swift; path = AuthorisationContext.swift; sourceTree = "<group>"; };
		2D717D6F1F1BD49200848F1A /* LoginContext.swift */ = {isa = PBXFileReference; fileEncoding = 4; lastKnownFileType = sourcecode.swift; path = LoginContext.swift; sourceTree = "<group>"; };
		2D717D701F1BD49200848F1A /* SignUpContext.swift */ = {isa = PBXFileReference; fileEncoding = 4; lastKnownFileType = sourcecode.swift; path = SignUpContext.swift; sourceTree = "<group>"; };
		2DA050501F1BE95200E7EBC3 /* GalleryView.swift */ = {isa = PBXFileReference; fileEncoding = 4; lastKnownFileType = sourcecode.swift; path = GalleryView.swift; sourceTree = "<group>"; };
		2DA050561F1BEFB500E7EBC3 /* GalleryImage.swift */ = {isa = PBXFileReference; fileEncoding = 4; lastKnownFileType = sourcecode.swift; path = GalleryImage.swift; sourceTree = "<group>"; };
		2DA050591F1CB7B500E7EBC3 /* BPVLoadingView.h */ = {isa = PBXFileReference; fileEncoding = 4; lastKnownFileType = sourcecode.c.h; path = BPVLoadingView.h; sourceTree = "<group>"; };
		2DA0505A1F1CB7B500E7EBC3 /* BPVLoadingView.m */ = {isa = PBXFileReference; fileEncoding = 4; lastKnownFileType = sourcecode.c.objc; path = BPVLoadingView.m; sourceTree = "<group>"; };
		2DA0505B1F1CB7B500E7EBC3 /* BPVLoadingView.xib */ = {isa = PBXFileReference; fileEncoding = 4; lastKnownFileType = file.xib; path = BPVLoadingView.xib; sourceTree = "<group>"; };
		2DA0505D1F1CB7B500E7EBC3 /* BPVView.h */ = {isa = PBXFileReference; fileEncoding = 4; lastKnownFileType = sourcecode.c.h; path = BPVView.h; sourceTree = "<group>"; };
		2DA0505E1F1CB7B500E7EBC3 /* BPVView.m */ = {isa = PBXFileReference; fileEncoding = 4; lastKnownFileType = sourcecode.c.objc; path = BPVView.m; sourceTree = "<group>"; };
		2DA050661F1CBC3100E7EBC3 /* GalleryApp-Bridging-Header.h */ = {isa = PBXFileReference; fileEncoding = 4; lastKnownFileType = sourcecode.c.h; path = "GalleryApp-Bridging-Header.h"; sourceTree = SOURCE_ROOT; };
		2DA050681F1CBD0200E7EBC3 /* NSBundle+BPVExtensions.h */ = {isa = PBXFileReference; fileEncoding = 4; lastKnownFileType = sourcecode.c.h; path = "NSBundle+BPVExtensions.h"; sourceTree = "<group>"; };
		2DA050691F1CBD0200E7EBC3 /* NSBundle+BPVExtensions.m */ = {isa = PBXFileReference; fileEncoding = 4; lastKnownFileType = sourcecode.c.objc; path = "NSBundle+BPVExtensions.m"; sourceTree = "<group>"; };
		2DA0506C1F1CBD8B00E7EBC3 /* NSArray+BPVExtensions.h */ = {isa = PBXFileReference; fileEncoding = 4; lastKnownFileType = sourcecode.c.h; path = "NSArray+BPVExtensions.h"; sourceTree = "<group>"; };
		2DA0506D1F1CBD8B00E7EBC3 /* NSArray+BPVExtensions.m */ = {isa = PBXFileReference; fileEncoding = 4; lastKnownFileType = sourcecode.c.objc; path = "NSArray+BPVExtensions.m"; sourceTree = "<group>"; };
		2DA050731F1CBED300E7EBC3 /* AllImagesContext.swift */ = {isa = PBXFileReference; fileEncoding = 4; lastKnownFileType = sourcecode.swift; path = AllImagesContext.swift; sourceTree = "<group>"; };
		2DA050761F1CD20D00E7EBC3 /* AddImageViewController.swift */ = {isa = PBXFileReference; fileEncoding = 4; lastKnownFileType = sourcecode.swift; path = AddImageViewController.swift; sourceTree = "<group>"; };
		2DA050771F1CD20D00E7EBC3 /* AddImageViewController.xib */ = {isa = PBXFileReference; fileEncoding = 4; lastKnownFileType = file.xib; path = AddImageViewController.xib; sourceTree = "<group>"; };
		2DA0507C1F1CD23200E7EBC3 /* GIFViewController.swift */ = {isa = PBXFileReference; fileEncoding = 4; lastKnownFileType = sourcecode.swift; path = GIFViewController.swift; sourceTree = "<group>"; };
		2DA0507D1F1CD23200E7EBC3 /* GIFViewController.xib */ = {isa = PBXFileReference; fileEncoding = 4; lastKnownFileType = file.xib; path = GIFViewController.xib; sourceTree = "<group>"; };
		2DA050801F1CD24600E7EBC3 /* GIFView.swift */ = {isa = PBXFileReference; fileEncoding = 4; lastKnownFileType = sourcecode.swift; path = GIFView.swift; sourceTree = "<group>"; };
		2DA050821F1CD25700E7EBC3 /* AddImageView.swift */ = {isa = PBXFileReference; fileEncoding = 4; lastKnownFileType = sourcecode.swift; path = AddImageView.swift; sourceTree = "<group>"; };
		2DA050841F1CD6A000E7EBC3 /* GIFContext.swift */ = {isa = PBXFileReference; fileEncoding = 4; lastKnownFileType = sourcecode.swift; path = GIFContext.swift; sourceTree = "<group>"; };
		2DA0508B1F1E984600E7EBC3 /* AddImageContext.swift */ = {isa = PBXFileReference; fileEncoding = 4; lastKnownFileType = sourcecode.swift; path = AddImageContext.swift; sourceTree = "<group>"; };
		2DA0508D1F1F6C9000E7EBC3 /* NewImage.swift */ = {isa = PBXFileReference; fileEncoding = 4; lastKnownFileType = sourcecode.swift; path = NewImage.swift; sourceTree = "<group>"; };
		2DA0508F1F1F742E00E7EBC3 /* DataConvertable.swift */ = {isa = PBXFileReference; fileEncoding = 4; lastKnownFileType = sourcecode.swift; path = DataConvertable.swift; sourceTree = "<group>"; };
		2DA050931F20A8DA00E7EBC3 /* Optional.swift */ = {isa = PBXFileReference; fileEncoding = 4; lastKnownFileType = sourcecode.swift; path = Optional.swift; sourceTree = "<group>"; };
		2DA050951F20BFB800E7EBC3 /* GalleryCell.swift */ = {isa = PBXFileReference; fileEncoding = 4; lastKnownFileType = sourcecode.swift; path = GalleryCell.swift; sourceTree = "<group>"; };
		2DA050961F20BFB800E7EBC3 /* GalleryCell.xib */ = {isa = PBXFileReference; fileEncoding = 4; lastKnownFileType = file.xib; path = GalleryCell.xib; sourceTree = "<group>"; };
		318E3A903BBA98F80321EC8A /* Pods-GalleryApp.release.xcconfig */ = {isa = PBXFileReference; includeInIndex = 1; lastKnownFileType = text.xcconfig; name = "Pods-GalleryApp.release.xcconfig"; path = "Pods/Target Support Files/Pods-GalleryApp/Pods-GalleryApp.release.xcconfig"; sourceTree = "<group>"; };
		CAE5B27531AE4DFC71879050 /* Pods-GalleryApp.debug.xcconfig */ = {isa = PBXFileReference; includeInIndex = 1; lastKnownFileType = text.xcconfig; name = "Pods-GalleryApp.debug.xcconfig"; path = "Pods/Target Support Files/Pods-GalleryApp/Pods-GalleryApp.debug.xcconfig"; sourceTree = "<group>"; };
		E13852D582E17637951C8125 /* Pods_GalleryApp.framework */ = {isa = PBXFileReference; explicitFileType = wrapper.framework; includeInIndex = 0; path = Pods_GalleryApp.framework; sourceTree = BUILT_PRODUCTS_DIR; };
/* End PBXFileReference section */

/* Begin PBXFrameworksBuildPhase section */
		2D17B5991F151A5C00737C4F /* Frameworks */ = {
			isa = PBXFrameworksBuildPhase;
			buildActionMask = 2147483647;
			files = (
				F09BC2EBF417B2268F1D91F4 /* Pods_GalleryApp.framework in Frameworks */,
			);
			runOnlyForDeploymentPostprocessing = 0;
		};
/* End PBXFrameworksBuildPhase section */

/* Begin PBXGroup section */
		2D17B5931F151A5C00737C4F = {
			isa = PBXGroup;
			children = (
				2D17B59E1F151A5C00737C4F /* GalleryApp */,
				2D17B59D1F151A5C00737C4F /* Products */,
				B73EBFACEAFF6282450D4BAB /* Pods */,
				C84CAE0FBD3D18795991C107 /* Frameworks */,
			);
			sourceTree = "<group>";
		};
		2D17B59D1F151A5C00737C4F /* Products */ = {
			isa = PBXGroup;
			children = (
				2D17B59C1F151A5C00737C4F /* GalleryApp.app */,
			);
			name = Products;
			sourceTree = "<group>";
		};
		2D17B59E1F151A5C00737C4F /* GalleryApp */ = {
			isa = PBXGroup;
			children = (
				2D17B5B11F151D0C00737C4F /* Library */,
				2D17B5F61F151D0C00737C4F /* Sources */,
				2D17B59F1F151A5C00737C4F /* AppDelegate.swift */,
				2D17B6451F15473C00737C4F /* Constants.swift */,
				2DA050661F1CBC3100E7EBC3 /* GalleryApp-Bridging-Header.h */,
				2D17B5A61F151A5C00737C4F /* Assets.xcassets */,
				2D17B5A81F151A5C00737C4F /* LaunchScreen.storyboard */,
				2D17B5AB1F151A5C00737C4F /* Info.plist */,
			);
			path = GalleryApp;
			sourceTree = "<group>";
		};
		2D17B5B11F151D0C00737C4F /* Library */ = {
			isa = PBXGroup;
			children = (
				2D17B63B1F15323000737C4F /* Structs */,
				2D17B5B21F151D0C00737C4F /* Classes */,
				2D17B5B71F151D0C00737C4F /* Extensions */,
				2D17B5C91F151D0C00737C4F /* Functions.swift */,
				2D17B5CA1F151D0C00737C4F /* Models */,
				2D17B5E71F151D0C00737C4F /* Protocols */,
				2D17B5EA1F151D0C00737C4F /* ViewControllers */,
				2D17B5F31F151D0C00737C4F /* Views */,
			);
			path = Library;
			sourceTree = "<group>";
		};
		2D17B5B21F151D0C00737C4F /* Classes */ = {
			isa = PBXGroup;
			children = (
				2D17B5B31F151D0C00737C4F /* BPVMacro */,
				2D17B5B61F151D0C00737C4F /* Lock.swift */,
			);
			path = Classes;
			sourceTree = "<group>";
		};
		2D17B5B31F151D0C00737C4F /* BPVMacro */ = {
			isa = PBXGroup;
			children = (
				2D17B5B41F151D0C00737C4F /* BPVMacro.h */,
				2D17B5B51F151D0C00737C4F /* BPVMacro.m */,
			);
			path = BPVMacro;
			sourceTree = "<group>";
		};
		2D17B5B71F151D0C00737C4F /* Extensions */ = {
			isa = PBXGroup;
			children = (
				2DA0506B1F1CBD8B00E7EBC3 /* NSArray */,
				2DA050671F1CBD0200E7EBC3 /* NSBundle */,
				2D17B5B81F151D0C00737C4F /* Array.swift */,
				2D17B5B91F151D0C00737C4F /* DispatchQueue.swift */,
				2D17B5BA1F151D0C00737C4F /* Enum + Extensions.swift */,
				2D17B5BB1F151D0C00737C4F /* NSFileManager */,
				2D17B5BF1F151D0C00737C4F /* String.swift */,
				2D17B5C01F151D0C00737C4F /* UIApplication.swift */,
				2D17B5C11F151D0C00737C4F /* UICollectionView.swift */,
				2D17B5C21F151D0C00737C4F /* UIImageView + KingfisherLoad.swift */,
				2D17B5C31F151D0C00737C4F /* UINavigationController.swift */,
				2D17B5C41F151D0C00737C4F /* UINib.swift */,
				2D17B5C51F151D0C00737C4F /* UITableView.swift */,
				2D17B5C61F151D0C00737C4F /* UIViewController+AddRemoveChild.swift */,
				2D17B5C71F151D0C00737C4F /* UIViewController.swift */,
				2D17B5C81F151D0C00737C4F /* UIWindow.swift */,
				2D17B6431F1542A900737C4F /* URRRequest.swift */,
				2D17B6491F155E8E00737C4F /* UIImage.swift */,
				2DA050931F20A8DA00E7EBC3 /* Optional.swift */,
			);
			path = Extensions;
			sourceTree = "<group>";
		};
		2D17B5BB1F151D0C00737C4F /* NSFileManager */ = {
			isa = PBXGroup;
			children = (
				2D17B5BC1F151D0C00737C4F /* NSFileManager+BPVExtensions.h */,
				2D17B5BD1F151D0C00737C4F /* NSFileManager+BPVExtensions.m */,
			);
			path = NSFileManager;
			sourceTree = "<group>";
		};
		2D17B5CA1F151D0C00737C4F /* Models */ = {
			isa = PBXGroup;
			children = (
				2D17B5CB1F151D0C00737C4F /* ArrayChange */,
				2D17B5E51F151D0C00737C4F /* ArrayModel.swift */,
				2D17B5E61F151D0C00737C4F /* Model.swift */,
			);
			path = Models;
			sourceTree = "<group>";
		};
		2D17B5CB1F151D0C00737C4F /* ArrayChange */ = {
			isa = PBXGroup;
			children = (
				2D17B5CC1F151D0C00737C4F /* ArrayChange */,
				2D17B5D01F151D0C00737C4F /* ChangeModels */,
				2D17B5E11F151D0C00737C4F /* OneIndexArrayChange */,
				2D17B5E31F151D0C00737C4F /* TwoIndexArrayChange */,
			);
			path = ArrayChange;
			sourceTree = "<group>";
		};
		2D17B5CC1F151D0C00737C4F /* ArrayChange */ = {
			isa = PBXGroup;
			children = (
				2D17B5CD1F151D0C00737C4F /* ArrayChange + UICollectionView.swift */,
				2D17B5CE1F151D0C00737C4F /* ArrayChange + UITableView.swift */,
				2D17B5CF1F151D0C00737C4F /* ArrayChange.swift */,
			);
			path = ArrayChange;
			sourceTree = "<group>";
		};
		2D17B5D01F151D0C00737C4F /* ChangeModels */ = {
			isa = PBXGroup;
			children = (
				2D17B5D11F151D0C00737C4F /* AddModel */,
				2D17B5D51F151D0C00737C4F /* MoveModel */,
				2D17B5D91F151D0C00737C4F /* RemoveModel */,
				2D17B5DD1F151D0C00737C4F /* UpdateModel */,
			);
			path = ChangeModels;
			sourceTree = "<group>";
		};
		2D17B5D11F151D0C00737C4F /* AddModel */ = {
			isa = PBXGroup;
			children = (
				2D17B5D21F151D0C00737C4F /* AddModel + UICollectionView.swift */,
				2D17B5D31F151D0C00737C4F /* AddModel + UITableView.swift */,
				2D17B5D41F151D0C00737C4F /* AddModel.swift */,
			);
			path = AddModel;
			sourceTree = "<group>";
		};
		2D17B5D51F151D0C00737C4F /* MoveModel */ = {
			isa = PBXGroup;
			children = (
				2D17B5D61F151D0C00737C4F /* MoveModel + UICollectionView.swift */,
				2D17B5D71F151D0C00737C4F /* MoveModel + UITableView.swift */,
				2D17B5D81F151D0C00737C4F /* MoveModel.swift */,
			);
			path = MoveModel;
			sourceTree = "<group>";
		};
		2D17B5D91F151D0C00737C4F /* RemoveModel */ = {
			isa = PBXGroup;
			children = (
				2D17B5DA1F151D0C00737C4F /* RemoveModel + UICollectionView.swift */,
				2D17B5DB1F151D0C00737C4F /* RemoveModel + UITableView.swift */,
				2D17B5DC1F151D0C00737C4F /* RemoveModel.swift */,
			);
			path = RemoveModel;
			sourceTree = "<group>";
		};
		2D17B5DD1F151D0C00737C4F /* UpdateModel */ = {
			isa = PBXGroup;
			children = (
				2D17B5DE1F151D0C00737C4F /* UpdateModel + UICollectionView.swift */,
				2D17B5DF1F151D0C00737C4F /* UpdateModel + UITableView.swift */,
				2D17B5E01F151D0C00737C4F /* UpdateModel.swift */,
			);
			path = UpdateModel;
			sourceTree = "<group>";
		};
		2D17B5E11F151D0C00737C4F /* OneIndexArrayChange */ = {
			isa = PBXGroup;
			children = (
				2D17B5E21F151D0C00737C4F /* OneIndexArrayChange.swift */,
			);
			path = OneIndexArrayChange;
			sourceTree = "<group>";
		};
		2D17B5E31F151D0C00737C4F /* TwoIndexArrayChange */ = {
			isa = PBXGroup;
			children = (
				2D17B5E41F151D0C00737C4F /* TwoIndexArrayChange.swift */,
			);
			path = TwoIndexArrayChange;
			sourceTree = "<group>";
		};
		2D17B5E71F151D0C00737C4F /* Protocols */ = {
			isa = PBXGroup;
			children = (
				2D17B5E81F151D0C00737C4F /* RootViewGettable.swift */,
				2D17B5E91F151D0C00737C4F /* Weakable.swift */,
				2DA0508F1F1F742E00E7EBC3 /* DataConvertable.swift */,
			);
			path = Protocols;
			sourceTree = "<group>";
		};
		2D17B5EA1F151D0C00737C4F /* ViewControllers */ = {
			isa = PBXGroup;
			children = (
				2D17B5EB1F151D0C00737C4F /* SlideInPresentationController */,
			);
			path = ViewControllers;
			sourceTree = "<group>";
		};
		2D17B5EB1F151D0C00737C4F /* SlideInPresentationController */ = {
			isa = PBXGroup;
			children = (
				2D17B5EC1F151D0C00737C4F /* SlideInPresentationAnimator.swift */,
				2D17B5ED1F151D0C00737C4F /* SlideInPresentationController.swift */,
				2D17B5EE1F151D0C00737C4F /* SlideInPresentationManager.swift */,
				2D17B5EF1F151D0C00737C4F /* SlideOutAnimationController.swift */,
			);
			path = SlideInPresentationController;
			sourceTree = "<group>";
		};
		2D17B5F31F151D0C00737C4F /* Views */ = {
			isa = PBXGroup;
			children = (
				2DA050581F1CB7B500E7EBC3 /* BPVLoadingView */,
				2DA0505C1F1CB7B500E7EBC3 /* BPVView */,
				2D17B5F41F151D0C00737C4F /* RoundedView.swift */,
				2D17B5F51F151D0C00737C4F /* RoundView.swift */,
			);
			path = Views;
			sourceTree = "<group>";
		};
		2D17B5F61F151D0C00737C4F /* Sources */ = {
			isa = PBXGroup;
			children = (
				2D17B63E1F1537B100737C4F /* Contexts */,
				2D17B6271F151D4F00737C4F /* Models */,
				2D17B6281F151D4F00737C4F /* UI */,
			);
			path = Sources;
			sourceTree = "<group>";
		};
		2D17B6271F151D4F00737C4F /* Models */ = {
			isa = PBXGroup;
			children = (
				2D17B6391F152E5800737C4F /* User.swift */,
				2DA050561F1BEFB500E7EBC3 /* GalleryImage.swift */,
				2DA0508D1F1F6C9000E7EBC3 /* NewImage.swift */,
			);
			path = Models;
			sourceTree = "<group>";
		};
		2D17B6281F151D4F00737C4F /* UI */ = {
			isa = PBXGroup;
			children = (
				2D17B62D1F151E3600737C4F /* GalleryViewController */,
				2D17B62F1F151E3600737C4F /* GIFViewController */,
				2DA050751F1CD08D00E7EBC3 /* AddImageViewController */,
				2D17B6311F151E3600737C4F /* LoginViewController */,
			);
			path = UI;
			sourceTree = "<group>";
		};
		2D17B62D1F151E3600737C4F /* GalleryViewController */ = {
			isa = PBXGroup;
			children = (
				2D17B62E1F151E3600737C4F /* GalleryImageCell */,
				2D17B64B1F1689AE00737C4F /* GalleryViewController.swift */,
				2D17B64C1F1689AE00737C4F /* GalleryViewController.xib */,
				2DA050501F1BE95200E7EBC3 /* GalleryView.swift */,
			);
			path = GalleryViewController;
			sourceTree = "<group>";
		};
		2D17B62E1F151E3600737C4F /* GalleryImageCell */ = {
			isa = PBXGroup;
			children = (
				2DA050951F20BFB800E7EBC3 /* GalleryCell.swift */,
				2DA050961F20BFB800E7EBC3 /* GalleryCell.xib */,
			);
			path = GalleryImageCell;
			sourceTree = "<group>";
		};
		2D17B62F1F151E3600737C4F /* GIFViewController */ = {
			isa = PBXGroup;
			children = (
				2DA0507C1F1CD23200E7EBC3 /* GIFViewController.swift */,
				2DA0507D1F1CD23200E7EBC3 /* GIFViewController.xib */,
				2DA050801F1CD24600E7EBC3 /* GIFView.swift */,
			);
			path = GIFViewController;
			sourceTree = "<group>";
		};
		2D17B6311F151E3600737C4F /* LoginViewController */ = {
			isa = PBXGroup;
			children = (
				2D17B6321F151E3600737C4F /* LoginViewController.swift */,
				2D17B6331F151E3600737C4F /* LoginViewController.xib */,
				2D17B6371F152A5500737C4F /* LoginView.swift */,
			);
			path = LoginViewController;
			sourceTree = "<group>";
		};
		2D17B63B1F15323000737C4F /* Structs */ = {
			isa = PBXGroup;
			children = (
				2D17B63C1F15328400737C4F /* Email.swift */,
			);
			path = Structs;
			sourceTree = "<group>";
		};
		2D17B63E1F1537B100737C4F /* Contexts */ = {
			isa = PBXGroup;
			children = (
				2D17B64F1F1691C100737C4F /* Context.swift */,
				2D717D6D1F1BD49200848F1A /* AuthorisationContext */,
				2DA050731F1CBED300E7EBC3 /* AllImagesContext.swift */,
				2DA0508B1F1E984600E7EBC3 /* AddImageContext.swift */,
				2DA050841F1CD6A000E7EBC3 /* GIFContext.swift */,
			);
			path = Contexts;
			sourceTree = "<group>";
		};
		2D717D6D1F1BD49200848F1A /* AuthorisationContext */ = {
			isa = PBXGroup;
			children = (
				2D717D6E1F1BD49200848F1A /* AuthorisationContext.swift */,
				2D717D6F1F1BD49200848F1A /* LoginContext.swift */,
				2D717D701F1BD49200848F1A /* SignUpContext.swift */,
			);
			path = AuthorisationContext;
			sourceTree = "<group>";
		};
		2DA050581F1CB7B500E7EBC3 /* BPVLoadingView */ = {
			isa = PBXGroup;
			children = (
				2DA050591F1CB7B500E7EBC3 /* BPVLoadingView.h */,
				2DA0505A1F1CB7B500E7EBC3 /* BPVLoadingView.m */,
				2DA0505B1F1CB7B500E7EBC3 /* BPVLoadingView.xib */,
			);
			path = BPVLoadingView;
			sourceTree = "<group>";
		};
		2DA0505C1F1CB7B500E7EBC3 /* BPVView */ = {
			isa = PBXGroup;
			children = (
				2DA0505D1F1CB7B500E7EBC3 /* BPVView.h */,
				2DA0505E1F1CB7B500E7EBC3 /* BPVView.m */,
			);
			path = BPVView;
			sourceTree = "<group>";
		};
		2DA050671F1CBD0200E7EBC3 /* NSBundle */ = {
			isa = PBXGroup;
			children = (
				2DA050681F1CBD0200E7EBC3 /* NSBundle+BPVExtensions.h */,
				2DA050691F1CBD0200E7EBC3 /* NSBundle+BPVExtensions.m */,
			);
			path = NSBundle;
			sourceTree = "<group>";
		};
		2DA0506B1F1CBD8B00E7EBC3 /* NSArray */ = {
			isa = PBXGroup;
			children = (
				2DA0506C1F1CBD8B00E7EBC3 /* NSArray+BPVExtensions.h */,
				2DA0506D1F1CBD8B00E7EBC3 /* NSArray+BPVExtensions.m */,
			);
			path = NSArray;
			sourceTree = "<group>";
		};
		2DA050751F1CD08D00E7EBC3 /* AddImageViewController */ = {
			isa = PBXGroup;
			children = (
				2DA050761F1CD20D00E7EBC3 /* AddImageViewController.swift */,
				2DA050771F1CD20D00E7EBC3 /* AddImageViewController.xib */,
				2DA050821F1CD25700E7EBC3 /* AddImageView.swift */,
			);
			path = AddImageViewController;
			sourceTree = "<group>";
		};
		B73EBFACEAFF6282450D4BAB /* Pods */ = {
			isa = PBXGroup;
			children = (
				CAE5B27531AE4DFC71879050 /* Pods-GalleryApp.debug.xcconfig */,
				318E3A903BBA98F80321EC8A /* Pods-GalleryApp.release.xcconfig */,
			);
			name = Pods;
			sourceTree = "<group>";
		};
		C84CAE0FBD3D18795991C107 /* Frameworks */ = {
			isa = PBXGroup;
			children = (
				E13852D582E17637951C8125 /* Pods_GalleryApp.framework */,
			);
			name = Frameworks;
			sourceTree = "<group>";
		};
/* End PBXGroup section */

/* Begin PBXNativeTarget section */
		2D17B59B1F151A5C00737C4F /* GalleryApp */ = {
			isa = PBXNativeTarget;
			buildConfigurationList = 2D17B5AE1F151A5C00737C4F /* Build configuration list for PBXNativeTarget "GalleryApp" */;
			buildPhases = (
				C06E1BABCBFC4FB96182658F /* [CP] Check Pods Manifest.lock */,
				2D17B5981F151A5C00737C4F /* Sources */,
				2D17B5991F151A5C00737C4F /* Frameworks */,
				2D17B59A1F151A5C00737C4F /* Resources */,
				5989579292DF22E12936AC0D /* [CP] Embed Pods Frameworks */,
				858EFBE768B6F0ABE3420982 /* [CP] Copy Pods Resources */,
			);
			buildRules = (
			);
			dependencies = (
			);
			name = GalleryApp;
			productName = GalleryApp;
			productReference = 2D17B59C1F151A5C00737C4F /* GalleryApp.app */;
			productType = "com.apple.product-type.application";
		};
/* End PBXNativeTarget section */

/* Begin PBXProject section */
		2D17B5941F151A5C00737C4F /* Project object */ = {
			isa = PBXProject;
			attributes = {
				LastSwiftUpdateCheck = 0830;
				LastUpgradeCheck = 0830;
				ORGANIZATIONNAME = "Pavel Bondar";
				TargetAttributes = {
					2D17B59B1F151A5C00737C4F = {
						CreatedOnToolsVersion = 8.3.3;
						DevelopmentTeam = 66W997F46F;
						ProvisioningStyle = Automatic;
					};
				};
			};
			buildConfigurationList = 2D17B5971F151A5C00737C4F /* Build configuration list for PBXProject "GalleryApp" */;
			compatibilityVersion = "Xcode 3.2";
			developmentRegion = English;
			hasScannedForEncodings = 0;
			knownRegions = (
				en,
				Base,
			);
			mainGroup = 2D17B5931F151A5C00737C4F;
			productRefGroup = 2D17B59D1F151A5C00737C4F /* Products */;
			projectDirPath = "";
			projectRoot = "";
			targets = (
				2D17B59B1F151A5C00737C4F /* GalleryApp */,
			);
		};
/* End PBXProject section */

/* Begin PBXResourcesBuildPhase section */
		2D17B59A1F151A5C00737C4F /* Resources */ = {
			isa = PBXResourcesBuildPhase;
			buildActionMask = 2147483647;
			files = (
				2D17B6351F151E3600737C4F /* LoginViewController.xib in Resources */,
				2DA050981F20BFB800E7EBC3 /* GalleryCell.xib in Resources */,
				2D17B64E1F1689AE00737C4F /* GalleryViewController.xib in Resources */,
				2DA050601F1CB7B500E7EBC3 /* BPVLoadingView.xib in Resources */,
				2DA0507F1F1CD23200E7EBC3 /* GIFViewController.xib in Resources */,
				2DA050791F1CD20D00E7EBC3 /* AddImageViewController.xib in Resources */,
				2D17B5AA1F151A5C00737C4F /* LaunchScreen.storyboard in Resources */,
				2D17B5A71F151A5C00737C4F /* Assets.xcassets in Resources */,
			);
			runOnlyForDeploymentPostprocessing = 0;
		};
/* End PBXResourcesBuildPhase section */

/* Begin PBXShellScriptBuildPhase section */
		5989579292DF22E12936AC0D /* [CP] Embed Pods Frameworks */ = {
			isa = PBXShellScriptBuildPhase;
			buildActionMask = 2147483647;
			files = (
			);
			inputPaths = (
			);
			name = "[CP] Embed Pods Frameworks";
			outputPaths = (
			);
			runOnlyForDeploymentPostprocessing = 0;
			shellPath = /bin/sh;
			shellScript = "\"${SRCROOT}/Pods/Target Support Files/Pods-GalleryApp/Pods-GalleryApp-frameworks.sh\"\n";
			showEnvVarsInLog = 0;
		};
		858EFBE768B6F0ABE3420982 /* [CP] Copy Pods Resources */ = {
			isa = PBXShellScriptBuildPhase;
			buildActionMask = 2147483647;
			files = (
			);
			inputPaths = (
			);
			name = "[CP] Copy Pods Resources";
			outputPaths = (
			);
			runOnlyForDeploymentPostprocessing = 0;
			shellPath = /bin/sh;
			shellScript = "\"${SRCROOT}/Pods/Target Support Files/Pods-GalleryApp/Pods-GalleryApp-resources.sh\"\n";
			showEnvVarsInLog = 0;
		};
		C06E1BABCBFC4FB96182658F /* [CP] Check Pods Manifest.lock */ = {
			isa = PBXShellScriptBuildPhase;
			buildActionMask = 2147483647;
			files = (
			);
			inputPaths = (
			);
			name = "[CP] Check Pods Manifest.lock";
			outputPaths = (
			);
			runOnlyForDeploymentPostprocessing = 0;
			shellPath = /bin/sh;
			shellScript = "diff \"${PODS_ROOT}/../Podfile.lock\" \"${PODS_ROOT}/Manifest.lock\" > /dev/null\nif [ $? != 0 ] ; then\n    # print error to STDERR\n    echo \"error: The sandbox is not in sync with the Podfile.lock. Run 'pod install' or update your CocoaPods installation.\" >&2\n    exit 1\nfi\n";
			showEnvVarsInLog = 0;
		};
/* End PBXShellScriptBuildPhase section */

/* Begin PBXSourcesBuildPhase section */
		2D17B5981F151A5C00737C4F /* Sources */ = {
			isa = PBXSourcesBuildPhase;
			buildActionMask = 2147483647;
			files = (
				2D17B5FC1F151D0C00737C4F /* NSFileManager+BPVExtensions.m in Sources */,
				2D17B6101F151D0C00737C4F /* MoveModel + UITableView.swift in Sources */,
				2DA050511F1BE95200E7EBC3 /* GalleryView.swift in Sources */,
				2D17B61C1F151D0C00737C4F /* RootViewGettable.swift in Sources */,
				2D17B60E1F151D0C00737C4F /* AddModel.swift in Sources */,
				2DA050741F1CBED300E7EBC3 /* AllImagesContext.swift in Sources */,
				2D17B6191F151D0C00737C4F /* TwoIndexArrayChange.swift in Sources */,
				2D17B60B1F151D0C00737C4F /* ArrayChange.swift in Sources */,
				2D17B6141F151D0C00737C4F /* RemoveModel.swift in Sources */,
				2DA0508C1F1E984600E7EBC3 /* AddImageContext.swift in Sources */,
				2D17B6031F151D0C00737C4F /* UINib.swift in Sources */,
				2DA050941F20A8DA00E7EBC3 /* Optional.swift in Sources */,
				2D717D711F1BD49200848F1A /* AuthorisationContext.swift in Sources */,
				2D17B6261F151D0C00737C4F /* RoundView.swift in Sources */,
				2DA050831F1CD25700E7EBC3 /* AddImageView.swift in Sources */,
				2D17B6251F151D0C00737C4F /* RoundedView.swift in Sources */,
				2D17B63D1F15328400737C4F /* Email.swift in Sources */,
				2D17B6041F151D0C00737C4F /* UITableView.swift in Sources */,
				2D17B6111F151D0C00737C4F /* MoveModel.swift in Sources */,
				2D17B61F1F151D0C00737C4F /* SlideInPresentationController.swift in Sources */,
				2D17B6051F151D0C00737C4F /* UIViewController+AddRemoveChild.swift in Sources */,
				2D17B60C1F151D0C00737C4F /* AddModel + UICollectionView.swift in Sources */,
				2DA050611F1CB7B500E7EBC3 /* BPVView.m in Sources */,
				2D17B61E1F151D0C00737C4F /* SlideInPresentationAnimator.swift in Sources */,
				2D17B60F1F151D0C00737C4F /* MoveModel + UICollectionView.swift in Sources */,
				2D17B5FB1F151D0C00737C4F /* Enum + Extensions.swift in Sources */,
				2DA0507E1F1CD23200E7EBC3 /* GIFViewController.swift in Sources */,
				2DA050901F1F742E00E7EBC3 /* DataConvertable.swift in Sources */,
				2D17B61A1F151D0C00737C4F /* ArrayModel.swift in Sources */,
				2DA050711F1CBD8B00E7EBC3 /* NSArray+BPVExtensions.m in Sources */,
				2D17B5A01F151A5C00737C4F /* AppDelegate.swift in Sources */,
				2D17B5FE1F151D0C00737C4F /* String.swift in Sources */,
				2D17B6211F151D0C00737C4F /* SlideOutAnimationController.swift in Sources */,
				2D17B6181F151D0C00737C4F /* OneIndexArrayChange.swift in Sources */,
				2DA0506A1F1CBD0200E7EBC3 /* NSBundle+BPVExtensions.m in Sources */,
				2DA050971F20BFB800E7EBC3 /* GalleryCell.swift in Sources */,
				2D17B6061F151D0C00737C4F /* UIViewController.swift in Sources */,
				2D17B6171F151D0C00737C4F /* UpdateModel.swift in Sources */,
				2D17B6381F152A5500737C4F /* LoginView.swift in Sources */,
				2D17B61D1F151D0C00737C4F /* Weakable.swift in Sources */,
				2DA050571F1BEFB500E7EBC3 /* GalleryImage.swift in Sources */,
				2D17B64D1F1689AE00737C4F /* GalleryViewController.swift in Sources */,
				2D17B6501F1691C100737C4F /* Context.swift in Sources */,
				2D17B6071F151D0C00737C4F /* UIWindow.swift in Sources */,
				2D17B5F91F151D0C00737C4F /* Array.swift in Sources */,
				2DA050811F1CD24600E7EBC3 /* GIFView.swift in Sources */,
				2D17B6341F151E3600737C4F /* LoginViewController.swift in Sources */,
				2D17B6131F151D0C00737C4F /* RemoveModel + UITableView.swift in Sources */,
				2DA0508E1F1F6C9000E7EBC3 /* NewImage.swift in Sources */,
				2D17B6151F151D0C00737C4F /* UpdateModel + UICollectionView.swift in Sources */,
				2DA050781F1CD20D00E7EBC3 /* AddImageViewController.swift in Sources */,
				2D17B60D1F151D0C00737C4F /* AddModel + UITableView.swift in Sources */,
				2D717D721F1BD49200848F1A /* LoginContext.swift in Sources */,
				2D17B6081F151D0C00737C4F /* Functions.swift in Sources */,
				2DA0505F1F1CB7B500E7EBC3 /* BPVLoadingView.m in Sources */,
				2DA050851F1CD6A000E7EBC3 /* GIFContext.swift in Sources */,
				2D17B6091F151D0C00737C4F /* ArrayChange + UICollectionView.swift in Sources */,
				2D17B6021F151D0C00737C4F /* UINavigationController.swift in Sources */,
				2D17B5F81F151D0C00737C4F /* Lock.swift in Sources */,
				2D17B5FA1F151D0C00737C4F /* DispatchQueue.swift in Sources */,
				2D17B60A1F151D0C00737C4F /* ArrayChange + UITableView.swift in Sources */,
				2D17B63A1F152E5800737C4F /* User.swift in Sources */,
				2D17B6121F151D0C00737C4F /* RemoveModel + UICollectionView.swift in Sources */,
				2D17B6461F15473C00737C4F /* Constants.swift in Sources */,
				2D17B5FF1F151D0C00737C4F /* UIApplication.swift in Sources */,
				2D717D731F1BD49200848F1A /* SignUpContext.swift in Sources */,
				2D17B6441F1542A900737C4F /* URRRequest.swift in Sources */,
				2D17B6201F151D0C00737C4F /* SlideInPresentationManager.swift in Sources */,
				2D17B6001F151D0C00737C4F /* UICollectionView.swift in Sources */,
				2D17B6161F151D0C00737C4F /* UpdateModel + UITableView.swift in Sources */,
				2D17B61B1F151D0C00737C4F /* Model.swift in Sources */,
				2D17B6011F151D0C00737C4F /* UIImageView + KingfisherLoad.swift in Sources */,
				2D17B64A1F155E8E00737C4F /* UIImage.swift in Sources */,
				2D17B5F71F151D0C00737C4F /* BPVMacro.m in Sources */,
			);
			runOnlyForDeploymentPostprocessing = 0;
		};
/* End PBXSourcesBuildPhase section */

/* Begin PBXVariantGroup section */
		2D17B5A81F151A5C00737C4F /* LaunchScreen.storyboard */ = {
			isa = PBXVariantGroup;
			children = (
				2D17B5A91F151A5C00737C4F /* Base */,
			);
			name = LaunchScreen.storyboard;
			sourceTree = "<group>";
		};
/* End PBXVariantGroup section */

/* Begin XCBuildConfiguration section */
		2D17B5AC1F151A5C00737C4F /* Debug */ = {
			isa = XCBuildConfiguration;
			buildSettings = {
				ALWAYS_SEARCH_USER_PATHS = NO;
				CLANG_ANALYZER_NONNULL = YES;
				CLANG_ANALYZER_NUMBER_OBJECT_CONVERSION = YES_AGGRESSIVE;
				CLANG_CXX_LANGUAGE_STANDARD = "gnu++0x";
				CLANG_CXX_LIBRARY = "libc++";
				CLANG_ENABLE_MODULES = YES;
				CLANG_ENABLE_OBJC_ARC = YES;
				CLANG_WARN_BOOL_CONVERSION = YES;
				CLANG_WARN_CONSTANT_CONVERSION = YES;
				CLANG_WARN_DIRECT_OBJC_ISA_USAGE = YES_ERROR;
				CLANG_WARN_DOCUMENTATION_COMMENTS = YES;
				CLANG_WARN_EMPTY_BODY = YES;
				CLANG_WARN_ENUM_CONVERSION = YES;
				CLANG_WARN_INFINITE_RECURSION = YES;
				CLANG_WARN_INT_CONVERSION = YES;
				CLANG_WARN_OBJC_ROOT_CLASS = YES_ERROR;
				CLANG_WARN_SUSPICIOUS_MOVE = YES;
				CLANG_WARN_UNREACHABLE_CODE = YES;
				CLANG_WARN__DUPLICATE_METHOD_MATCH = YES;
				"CODE_SIGN_IDENTITY[sdk=iphoneos*]" = "iPhone Developer";
				COPY_PHASE_STRIP = NO;
				DEBUG_INFORMATION_FORMAT = dwarf;
				ENABLE_STRICT_OBJC_MSGSEND = YES;
				ENABLE_TESTABILITY = YES;
				GCC_C_LANGUAGE_STANDARD = gnu99;
				GCC_DYNAMIC_NO_PIC = NO;
				GCC_NO_COMMON_BLOCKS = YES;
				GCC_OPTIMIZATION_LEVEL = 0;
				GCC_PREPROCESSOR_DEFINITIONS = (
					"DEBUG=1",
					"$(inherited)",
				);
				GCC_WARN_64_TO_32_BIT_CONVERSION = YES;
				GCC_WARN_ABOUT_RETURN_TYPE = YES_ERROR;
				GCC_WARN_UNDECLARED_SELECTOR = YES;
				GCC_WARN_UNINITIALIZED_AUTOS = YES_AGGRESSIVE;
				GCC_WARN_UNUSED_FUNCTION = YES;
				GCC_WARN_UNUSED_VARIABLE = YES;
				IPHONEOS_DEPLOYMENT_TARGET = 9.3;
				MTL_ENABLE_DEBUG_INFO = YES;
				ONLY_ACTIVE_ARCH = YES;
				SDKROOT = iphoneos;
				SWIFT_ACTIVE_COMPILATION_CONDITIONS = DEBUG;
				SWIFT_OPTIMIZATION_LEVEL = "-Onone";
				TARGETED_DEVICE_FAMILY = "1,2";
			};
			name = Debug;
		};
		2D17B5AD1F151A5C00737C4F /* Release */ = {
			isa = XCBuildConfiguration;
			buildSettings = {
				ALWAYS_SEARCH_USER_PATHS = NO;
				CLANG_ANALYZER_NONNULL = YES;
				CLANG_ANALYZER_NUMBER_OBJECT_CONVERSION = YES_AGGRESSIVE;
				CLANG_CXX_LANGUAGE_STANDARD = "gnu++0x";
				CLANG_CXX_LIBRARY = "libc++";
				CLANG_ENABLE_MODULES = YES;
				CLANG_ENABLE_OBJC_ARC = YES;
				CLANG_WARN_BOOL_CONVERSION = YES;
				CLANG_WARN_CONSTANT_CONVERSION = YES;
				CLANG_WARN_DIRECT_OBJC_ISA_USAGE = YES_ERROR;
				CLANG_WARN_DOCUMENTATION_COMMENTS = YES;
				CLANG_WARN_EMPTY_BODY = YES;
				CLANG_WARN_ENUM_CONVERSION = YES;
				CLANG_WARN_INFINITE_RECURSION = YES;
				CLANG_WARN_INT_CONVERSION = YES;
				CLANG_WARN_OBJC_ROOT_CLASS = YES_ERROR;
				CLANG_WARN_SUSPICIOUS_MOVE = YES;
				CLANG_WARN_UNREACHABLE_CODE = YES;
				CLANG_WARN__DUPLICATE_METHOD_MATCH = YES;
				"CODE_SIGN_IDENTITY[sdk=iphoneos*]" = "iPhone Developer";
				COPY_PHASE_STRIP = NO;
				DEBUG_INFORMATION_FORMAT = "dwarf-with-dsym";
				ENABLE_NS_ASSERTIONS = NO;
				ENABLE_STRICT_OBJC_MSGSEND = YES;
				GCC_C_LANGUAGE_STANDARD = gnu99;
				GCC_NO_COMMON_BLOCKS = YES;
				GCC_WARN_64_TO_32_BIT_CONVERSION = YES;
				GCC_WARN_ABOUT_RETURN_TYPE = YES_ERROR;
				GCC_WARN_UNDECLARED_SELECTOR = YES;
				GCC_WARN_UNINITIALIZED_AUTOS = YES_AGGRESSIVE;
				GCC_WARN_UNUSED_FUNCTION = YES;
				GCC_WARN_UNUSED_VARIABLE = YES;
				IPHONEOS_DEPLOYMENT_TARGET = 9.3;
				MTL_ENABLE_DEBUG_INFO = NO;
				SDKROOT = iphoneos;
				SWIFT_OPTIMIZATION_LEVEL = "-Owholemodule";
				TARGETED_DEVICE_FAMILY = "1,2";
				VALIDATE_PRODUCT = YES;
			};
			name = Release;
		};
		2D17B5AF1F151A5C00737C4F /* Debug */ = {
			isa = XCBuildConfiguration;
			baseConfigurationReference = CAE5B27531AE4DFC71879050 /* Pods-GalleryApp.debug.xcconfig */;
			buildSettings = {
				ALWAYS_EMBED_SWIFT_STANDARD_LIBRARIES = YES;
				ASSETCATALOG_COMPILER_APPICON_NAME = AppIcon;
				"CODE_SIGN_IDENTITY[sdk=iphoneos*]" = "iPhone Developer";
				DEVELOPMENT_TEAM = 66W997F46F;
				INFOPLIST_FILE = GalleryApp/Info.plist;
				IPHONEOS_DEPLOYMENT_TARGET = 9.0;
				LD_RUNPATH_SEARCH_PATHS = "$(inherited) @executable_path/Frameworks";
				PRODUCT_BUNDLE_IDENTIFIER = pavelbondar.GalleryApp;
				PRODUCT_NAME = "$(TARGET_NAME)";
				PROVISIONING_PROFILE_SPECIFIER = "";
				SWIFT_OBJC_BRIDGING_HEADER = "GalleryApp-Bridging-Header.h";
				SWIFT_VERSION = 3.0;
			};
			name = Debug;
		};
		2D17B5B01F151A5C00737C4F /* Release */ = {
			isa = XCBuildConfiguration;
			baseConfigurationReference = 318E3A903BBA98F80321EC8A /* Pods-GalleryApp.release.xcconfig */;
			buildSettings = {
				ALWAYS_EMBED_SWIFT_STANDARD_LIBRARIES = YES;
				ASSETCATALOG_COMPILER_APPICON_NAME = AppIcon;
				"CODE_SIGN_IDENTITY[sdk=iphoneos*]" = "iPhone Developer";
				DEVELOPMENT_TEAM = 66W997F46F;
				INFOPLIST_FILE = GalleryApp/Info.plist;
				IPHONEOS_DEPLOYMENT_TARGET = 9.0;
				LD_RUNPATH_SEARCH_PATHS = "$(inherited) @executable_path/Frameworks";
				PRODUCT_BUNDLE_IDENTIFIER = pavelbondar.GalleryApp;
				PRODUCT_NAME = "$(TARGET_NAME)";
				PROVISIONING_PROFILE_SPECIFIER = "";
				SWIFT_OBJC_BRIDGING_HEADER = "GalleryApp-Bridging-Header.h";
				SWIFT_VERSION = 3.0;
			};
			name = Release;
		};
/* End XCBuildConfiguration section */

/* Begin XCConfigurationList section */
		2D17B5971F151A5C00737C4F /* Build configuration list for PBXProject "GalleryApp" */ = {
			isa = XCConfigurationList;
			buildConfigurations = (
				2D17B5AC1F151A5C00737C4F /* Debug */,
				2D17B5AD1F151A5C00737C4F /* Release */,
			);
			defaultConfigurationIsVisible = 0;
			defaultConfigurationName = Release;
		};
		2D17B5AE1F151A5C00737C4F /* Build configuration list for PBXNativeTarget "GalleryApp" */ = {
			isa = XCConfigurationList;
			buildConfigurations = (
				2D17B5AF1F151A5C00737C4F /* Debug */,
				2D17B5B01F151A5C00737C4F /* Release */,
			);
			defaultConfigurationIsVisible = 0;
			defaultConfigurationName = Release;
		};
/* End XCConfigurationList section */
	};
	rootObject = 2D17B5941F151A5C00737C4F /* Project object */;
}
